
Microsoft Visual Studio Solution File, Format Version 12.00
# Visual Studio 2012
Project("{FAE04EC0-301F-11D3-BF4B-00C04F79EFBC}") = "XamarinFormsSuperScroll", "XamarinFormsSuperScroll\XamarinFormsSuperScroll.csproj", "{BD1A220A-E581-4A8C-9713-1E3B68584574}"
EndProject
Project("{FAE04EC0-301F-11D3-BF4B-00C04F79EFBC}") = "XamarinFormsSuperScroll.iOS", "iOS\XamarinFormsSuperScroll.iOS.csproj", "{6A456476-F756-48A7-9362-C881A190CF1F}"
EndProject
Project("{FAE04EC0-301F-11D3-BF4B-00C04F79EFBC}") = "XamarinFormsSuperScroll.Droid", "Droid\XamarinFormsSuperScroll.Droid.csproj", "{5884DC9D-229D-4AC2-B50A-D247E8AB2164}"
EndProject
Global
	GlobalSection(SolutionConfigurationPlatforms) = preSolution
		Debug|Any CPU = Debug|Any CPU
		Release|Any CPU = Release|Any CPU
		Debug|iPhoneSimulator = Debug|iPhoneSimulator
		Release|iPhone = Release|iPhone
		Release|iPhoneSimulator = Release|iPhoneSimulator
		Debug|iPhone = Debug|iPhone
	EndGlobalSection
	GlobalSection(ProjectConfigurationPlatforms) = postSolution
		{BD1A220A-E581-4A8C-9713-1E3B68584574}.Debug|Any CPU.ActiveCfg = Debug|Any CPU
		{BD1A220A-E581-4A8C-9713-1E3B68584574}.Debug|Any CPU.Build.0 = Debug|Any CPU
		{BD1A220A-E581-4A8C-9713-1E3B68584574}.Release|Any CPU.ActiveCfg = Release|Any CPU
		{BD1A220A-E581-4A8C-9713-1E3B68584574}.Release|Any CPU.Build.0 = Release|Any CPU
		{BD1A220A-E581-4A8C-9713-1E3B68584574}.Debug|iPhoneSimulator.ActiveCfg = Debug|Any CPU
		{BD1A220A-E581-4A8C-9713-1E3B68584574}.Debug|iPhoneSimulator.Build.0 = Debug|Any CPU
		{BD1A220A-E581-4A8C-9713-1E3B68584574}.Release|iPhone.ActiveCfg = Release|Any CPU
		{BD1A220A-E581-4A8C-9713-1E3B68584574}.Release|iPhone.Build.0 = Release|Any CPU
		{BD1A220A-E581-4A8C-9713-1E3B68584574}.Release|iPhoneSimulator.ActiveCfg = Release|Any CPU
		{BD1A220A-E581-4A8C-9713-1E3B68584574}.Release|iPhoneSimulator.Build.0 = Release|Any CPU
		{BD1A220A-E581-4A8C-9713-1E3B68584574}.Debug|iPhone.ActiveCfg = Debug|Any CPU
		{BD1A220A-E581-4A8C-9713-1E3B68584574}.Debug|iPhone.Build.0 = Debug|Any CPU
		{6A456476-F756-48A7-9362-C881A190CF1F}.Debug|Any CPU.ActiveCfg = Debug|iPhoneSimulator
		{6A456476-F756-48A7-9362-C881A190CF1F}.Debug|Any CPU.Build.0 = Debug|iPhoneSimulator
		{6A456476-F756-48A7-9362-C881A190CF1F}.Release|Any CPU.ActiveCfg = Release|iPhone
		{6A456476-F756-48A7-9362-C881A190CF1F}.Release|Any CPU.Build.0 = Release|iPhone
		{6A456476-F756-48A7-9362-C881A190CF1F}.Debug|iPhoneSimulator.ActiveCfg = Debug|iPhoneSimulator
		{6A456476-F756-48A7-9362-C881A190CF1F}.Debug|iPhoneSimulator.Build.0 = Debug|iPhoneSimulator
		{6A456476-F756-48A7-9362-C881A190CF1F}.Release|iPhone.ActiveCfg = Release|iPhone
		{6A456476-F756-48A7-9362-C881A190CF1F}.Release|iPhone.Build.0 = Release|iPhone
		{6A456476-F756-48A7-9362-C881A190CF1F}.Release|iPhoneSimulator.ActiveCfg = Release|iPhoneSimulator
		{6A456476-F756-48A7-9362-C881A190CF1F}.Release|iPhoneSimulator.Build.0 = Release|iPhoneSimulator
		{6A456476-F756-48A7-9362-C881A190CF1F}.Debug|iPhone.ActiveCfg = Debug|iPhone
		{6A456476-F756-48A7-9362-C881A190CF1F}.Debug|iPhone.Build.0 = Debug|iPhone
		{5884DC9D-229D-4AC2-B50A-D247E8AB2164}.Debug|Any CPU.ActiveCfg = Debug|Any CPU
		{5884DC9D-229D-4AC2-B50A-D247E8AB2164}.Debug|Any CPU.Build.0 = Debug|Any CPU
		{5884DC9D-229D-4AC2-B50A-D247E8AB2164}.Release|Any CPU.ActiveCfg = Release|Any CPU
		{5884DC9D-229D-4AC2-B50A-D247E8AB2164}.Release|Any CPU.Build.0 = Release|Any CPU
		{5884DC9D-229D-4AC2-B50A-D247E8AB2164}.Debug|iPhoneSimulator.ActiveCfg = Debug|Any CPU
		{5884DC9D-229D-4AC2-B50A-D247E8AB2164}.Debug|iPhoneSimulator.Build.0 = Debug|Any CPU
		{5884DC9D-229D-4AC2-B50A-D247E8AB2164}.Release|iPhone.ActiveCfg = Release|Any CPU
		{5884DC9D-229D-4AC2-B50A-D247E8AB2164}.Release|iPhone.Build.0 = Release|Any CPU
		{5884DC9D-229D-4AC2-B50A-D247E8AB2164}.Release|iPhoneSimulator.ActiveCfg = Release|Any CPU
		{5884DC9D-229D-4AC2-B50A-D247E8AB2164}.Release|iPhoneSimulator.Build.0 = Release|Any CPU
		{5884DC9D-229D-4AC2-B50A-D247E8AB2164}.Debug|iPhone.ActiveCfg = Debug|Any CPU
		{5884DC9D-229D-4AC2-B50A-D247E8AB2164}.Debug|iPhone.Build.0 = Debug|Any CPU
	EndGlobalSection
EndGlobal
